{
  "name": "google-libphonenumbe-test",
  "version": "1.0.0",
  "lockfileVersion": 1,
  "requires": true,
  "dependencies": {
    "google-libphonenumber": {
      "version": "3.1.12",
      "resolved": "https://registry.npmjs.org/google-libphonenumber/-/google-libphonenumber-3.1.12.tgz",
      "integrity": "sha512-QUetbkN9hx4llPmz4HBkV0JJTFqcx5cRHxswGGAA5/YGn9Vt5I38xvI1Tyn4rNt1JaiMPMqzi/YG4NQ9Mft53A=="
    }
  }
}
